// !$*UTF8*$!
{
	archiveVersion = 1;
	classes = {
	};
	objectVersion = 56;
	objects = {

/* Begin PBXBuildFile section */
		2974A68929F9F3E6001430FE /* AppDelegate.swift in Sources */ = {isa = PBXBuildFile; fileRef = 2974A68829F9F3E6001430FE /* AppDelegate.swift */; };
		2974A68B29F9F3E6001430FE /* SceneDelegate.swift in Sources */ = {isa = PBXBuildFile; fileRef = 2974A68A29F9F3E6001430FE /* SceneDelegate.swift */; };
		2974A68D29F9F3E6001430FE /* ViewController.swift in Sources */ = {isa = PBXBuildFile; fileRef = 2974A68C29F9F3E6001430FE /* ViewController.swift */; };
		2974A69029F9F3E6001430FE /* Main.storyboard in Resources */ = {isa = PBXBuildFile; fileRef = 2974A68E29F9F3E6001430FE /* Main.storyboard */; };
		2974A69229F9F3E7001430FE /* Assets.xcassets in Resources */ = {isa = PBXBuildFile; fileRef = 2974A69129F9F3E7001430FE /* Assets.xcassets */; };
		2974A69529F9F3E7001430FE /* LaunchScreen.storyboard in Resources */ = {isa = PBXBuildFile; fileRef = 2974A69329F9F3E7001430FE /* LaunchScreen.storyboard */; };
		2974A69D29F9FE8A001430FE /* LetterCollectionViewCell.swift in Sources */ = {isa = PBXBuildFile; fileRef = 2974A69C29F9FE8A001430FE /* LetterCollectionViewCell.swift */; };
		2974A69F29FA1749001430FE /* SupplementaryView.swift in Sources */ = {isa = PBXBuildFile; fileRef = 2974A69E29FA1749001430FE /* SupplementaryView.swift */; };
		29A4728A2A3E98DF00455625 /* AlphabetUITests.swift in Sources */ = {isa = PBXBuildFile; fileRef = 29A472892A3E98DF00455625 /* AlphabetUITests.swift */; };
		29A4728C2A3E98DF00455625 /* AlphabetUITestsLaunchTests.swift in Sources */ = {isa = PBXBuildFile; fileRef = 29A4728B2A3E98DF00455625 /* AlphabetUITestsLaunchTests.swift */; };
		29A472992A3E990200455625 /* AlphabetTests.swift in Sources */ = {isa = PBXBuildFile; fileRef = 29A472982A3E990200455625 /* AlphabetTests.swift */; };
		29A472A12A3E9F9600455625 /* SnapshotTesting in Frameworks */ = {isa = PBXBuildFile; productRef = 29A472A02A3E9F9600455625 /* SnapshotTesting */; settings = {ATTRIBUTES = (Required, ); }; };
		29A472A42A3EA12D00455625 /* SnapshotTesting in Frameworks */ = {isa = PBXBuildFile; productRef = 29A472A32A3EA12D00455625 /* SnapshotTesting */; };
/* End PBXBuildFile section */

/* Begin PBXContainerItemProxy section */
		29A4728D2A3E98DF00455625 /* PBXContainerItemProxy */ = {
			isa = PBXContainerItemProxy;
			containerPortal = 2974A67D29F9F3E6001430FE /* Project object */;
			proxyType = 1;
			remoteGlobalIDString = 2974A68429F9F3E6001430FE;
			remoteInfo = Alphabet;
		};
		29A4729A2A3E990200455625 /* PBXContainerItemProxy */ = {
			isa = PBXContainerItemProxy;
			containerPortal = 2974A67D29F9F3E6001430FE /* Project object */;
			proxyType = 1;
			remoteGlobalIDString = 2974A68429F9F3E6001430FE;
			remoteInfo = Alphabet;
		};
/* End PBXContainerItemProxy section */

/* Begin PBXFileReference section */
		2974A68529F9F3E6001430FE /* Alphabet.app */ = {isa = PBXFileReference; explicitFileType = wrapper.application; includeInIndex = 0; path = Alphabet.app; sourceTree = BUILT_PRODUCTS_DIR; };
		2974A68829F9F3E6001430FE /* AppDelegate.swift */ = {isa = PBXFileReference; lastKnownFileType = sourcecode.swift; path = AppDelegate.swift; sourceTree = "<group>"; };
		2974A68A29F9F3E6001430FE /* SceneDelegate.swift */ = {isa = PBXFileReference; lastKnownFileType = sourcecode.swift; path = SceneDelegate.swift; sourceTree = "<group>"; };
		2974A68C29F9F3E6001430FE /* ViewController.swift */ = {isa = PBXFileReference; lastKnownFileType = sourcecode.swift; path = ViewController.swift; sourceTree = "<group>"; };
		2974A68F29F9F3E6001430FE /* Base */ = {isa = PBXFileReference; lastKnownFileType = file.storyboard; name = Base; path = Base.lproj/Main.storyboard; sourceTree = "<group>"; };
		2974A69129F9F3E7001430FE /* Assets.xcassets */ = {isa = PBXFileReference; lastKnownFileType = folder.assetcatalog; path = Assets.xcassets; sourceTree = "<group>"; };
		2974A69429F9F3E7001430FE /* Base */ = {isa = PBXFileReference; lastKnownFileType = file.storyboard; name = Base; path = Base.lproj/LaunchScreen.storyboard; sourceTree = "<group>"; };
		2974A69629F9F3E7001430FE /* Info.plist */ = {isa = PBXFileReference; lastKnownFileType = text.plist.xml; path = Info.plist; sourceTree = "<group>"; };
		2974A69C29F9FE8A001430FE /* LetterCollectionViewCell.swift */ = {isa = PBXFileReference; lastKnownFileType = sourcecode.swift; path = LetterCollectionViewCell.swift; sourceTree = "<group>"; };
		2974A69E29FA1749001430FE /* SupplementaryView.swift */ = {isa = PBXFileReference; lastKnownFileType = sourcecode.swift; path = SupplementaryView.swift; sourceTree = "<group>"; };
		29A472872A3E98DF00455625 /* AlphabetUITests.xctest */ = {isa = PBXFileReference; explicitFileType = wrapper.cfbundle; includeInIndex = 0; path = AlphabetUITests.xctest; sourceTree = BUILT_PRODUCTS_DIR; };
		29A472892A3E98DF00455625 /* AlphabetUITests.swift */ = {isa = PBXFileReference; lastKnownFileType = sourcecode.swift; path = AlphabetUITests.swift; sourceTree = "<group>"; };
		29A4728B2A3E98DF00455625 /* AlphabetUITestsLaunchTests.swift */ = {isa = PBXFileReference; lastKnownFileType = sourcecode.swift; path = AlphabetUITestsLaunchTests.swift; sourceTree = "<group>"; };
		29A472962A3E990200455625 /* AlphabetTests.xctest */ = {isa = PBXFileReference; explicitFileType = wrapper.cfbundle; includeInIndex = 0; path = AlphabetTests.xctest; sourceTree = BUILT_PRODUCTS_DIR; };
		29A472982A3E990200455625 /* AlphabetTests.swift */ = {isa = PBXFileReference; lastKnownFileType = sourcecode.swift; path = AlphabetTests.swift; sourceTree = "<group>"; };
/* End PBXFileReference section */

/* Begin PBXFrameworksBuildPhase section */
		2974A68229F9F3E6001430FE /* Frameworks */ = {
			isa = PBXFrameworksBuildPhase;
			buildActionMask = 2147483647;
			files = (
			);
			runOnlyForDeploymentPostprocessing = 0;
		};
		29A472842A3E98DF00455625 /* Frameworks */ = {
			isa = PBXFrameworksBuildPhase;
			buildActionMask = 2147483647;
			files = (
				29A472A42A3EA12D00455625 /* SnapshotTesting in Frameworks */,
			);
			runOnlyForDeploymentPostprocessing = 0;
		};
		29A472932A3E990200455625 /* Frameworks */ = {
			isa = PBXFrameworksBuildPhase;
			buildActionMask = 2147483647;
			files = (
				29A472A12A3E9F9600455625 /* SnapshotTesting in Frameworks */,
			);
			runOnlyForDeploymentPostprocessing = 0;
		};
/* End PBXFrameworksBuildPhase section */

/* Begin PBXGroup section */
		2974A67C29F9F3E6001430FE = {
			isa = PBXGroup;
			children = (
				2974A68729F9F3E6001430FE /* Alphabet */,
				29A472882A3E98DF00455625 /* AlphabetUITests */,
				29A472972A3E990200455625 /* AlphabetTests */,
				2974A68629F9F3E6001430FE /* Products */,
				29A472A22A3EA12D00455625 /* Frameworks */,
			);
			sourceTree = "<group>";
		};
		2974A68629F9F3E6001430FE /* Products */ = {
			isa = PBXGroup;
			children = (
				2974A68529F9F3E6001430FE /* Alphabet.app */,
				29A472872A3E98DF00455625 /* AlphabetUITests.xctest */,
				29A472962A3E990200455625 /* AlphabetTests.xctest */,
			);
			name = Products;
			sourceTree = "<group>";
		};
		2974A68729F9F3E6001430FE /* Alphabet */ = {
			isa = PBXGroup;
			children = (
				2974A68829F9F3E6001430FE /* AppDelegate.swift */,
				2974A68A29F9F3E6001430FE /* SceneDelegate.swift */,
				2974A68C29F9F3E6001430FE /* ViewController.swift */,
				2974A69C29F9FE8A001430FE /* LetterCollectionViewCell.swift */,
				2974A69E29FA1749001430FE /* SupplementaryView.swift */,
				2974A68E29F9F3E6001430FE /* Main.storyboard */,
				2974A69129F9F3E7001430FE /* Assets.xcassets */,
				2974A69329F9F3E7001430FE /* LaunchScreen.storyboard */,
				2974A69629F9F3E7001430FE /* Info.plist */,
			);
			path = Alphabet;
			sourceTree = "<group>";
		};
		29A472882A3E98DF00455625 /* AlphabetUITests */ = {
			isa = PBXGroup;
			children = (
				29A472892A3E98DF00455625 /* AlphabetUITests.swift */,
				29A4728B2A3E98DF00455625 /* AlphabetUITestsLaunchTests.swift */,
			);
			path = AlphabetUITests;
			sourceTree = "<group>";
		};
		29A472972A3E990200455625 /* AlphabetTests */ = {
			isa = PBXGroup;
			children = (
				29A472982A3E990200455625 /* AlphabetTests.swift */,
			);
			path = AlphabetTests;
			sourceTree = "<group>";
		};
		29A472A22A3EA12D00455625 /* Frameworks */ = {
			isa = PBXGroup;
			children = (
			);
			name = Frameworks;
			sourceTree = "<group>";
		};
/* End PBXGroup section */

/* Begin PBXNativeTarget section */
		2974A68429F9F3E6001430FE /* Alphabet */ = {
			isa = PBXNativeTarget;
			buildConfigurationList = 2974A69929F9F3E7001430FE /* Build configuration list for PBXNativeTarget "Alphabet" */;
			buildPhases = (
				2974A68129F9F3E6001430FE /* Sources */,
				2974A68229F9F3E6001430FE /* Frameworks */,
				2974A68329F9F3E6001430FE /* Resources */,
			);
			buildRules = (
			);
			dependencies = (
			);
			name = Alphabet;
			productName = Alphabet;
			productReference = 2974A68529F9F3E6001430FE /* Alphabet.app */;
			productType = "com.apple.product-type.application";
		};
		29A472862A3E98DF00455625 /* AlphabetUITests */ = {
			isa = PBXNativeTarget;
			buildConfigurationList = 29A4728F2A3E98DF00455625 /* Build configuration list for PBXNativeTarget "AlphabetUITests" */;
			buildPhases = (
				29A472832A3E98DF00455625 /* Sources */,
				29A472842A3E98DF00455625 /* Frameworks */,
				29A472852A3E98DF00455625 /* Resources */,
			);
			buildRules = (
			);
			dependencies = (
				29A4728E2A3E98DF00455625 /* PBXTargetDependency */,
			);
			name = AlphabetUITests;
			packageProductDependencies = (
				29A472A32A3EA12D00455625 /* SnapshotTesting */,
			);
			productName = AlphabetUITests;
			productReference = 29A472872A3E98DF00455625 /* AlphabetUITests.xctest */;
			productType = "com.apple.product-type.bundle.ui-testing";
		};
		29A472952A3E990200455625 /* AlphabetTests */ = {
			isa = PBXNativeTarget;
			buildConfigurationList = 29A4729C2A3E990200455625 /* Build configuration list for PBXNativeTarget "AlphabetTests" */;
			buildPhases = (
				29A472922A3E990200455625 /* Sources */,
				29A472932A3E990200455625 /* Frameworks */,
				29A472942A3E990200455625 /* Resources */,
			);
			buildRules = (
			);
			dependencies = (
				29A4729B2A3E990200455625 /* PBXTargetDependency */,
			);
			name = AlphabetTests;
			packageProductDependencies = (
				29A472A02A3E9F9600455625 /* SnapshotTesting */,
			);
			productName = AlphabetTests;
			productReference = 29A472962A3E990200455625 /* AlphabetTests.xctest */;
			productType = "com.apple.product-type.bundle.unit-test";
		};
/* End PBXNativeTarget section */

/* Begin PBXProject section */
		2974A67D29F9F3E6001430FE /* Project object */ = {
			isa = PBXProject;
			attributes = {
				BuildIndependentTargetsInParallel = 1;
				LastSwiftUpdateCheck = 1430;
				LastUpgradeCheck = 1430;
				TargetAttributes = {
					2974A68429F9F3E6001430FE = {
						CreatedOnToolsVersion = 14.3;
					};
					29A472862A3E98DF00455625 = {
						CreatedOnToolsVersion = 14.3;
						TestTargetID = 2974A68429F9F3E6001430FE;
					};
					29A472952A3E990200455625 = {
						CreatedOnToolsVersion = 14.3;
						TestTargetID = 2974A68429F9F3E6001430FE;
					};
				};
			};
			buildConfigurationList = 2974A68029F9F3E6001430FE /* Build configuration list for PBXProject "Alphabet" */;
			compatibilityVersion = "Xcode 14.0";
			developmentRegion = en;
			hasScannedForEncodings = 0;
			knownRegions = (
				en,
				Base,
			);
			mainGroup = 2974A67C29F9F3E6001430FE;
			packageReferences = (
				29A4729F2A3E9F9600455625 /* XCRemoteSwiftPackageReference "swift-snapshot-testing" */,
			);
			productRefGroup = 2974A68629F9F3E6001430FE /* Products */;
			projectDirPath = "";
			projectRoot = "";
			targets = (
				2974A68429F9F3E6001430FE /* Alphabet */,
				29A472862A3E98DF00455625 /* AlphabetUITests */,
				29A472952A3E990200455625 /* AlphabetTests */,
			);
		};
/* End PBXProject section */

/* Begin PBXResourcesBuildPhase section */
		2974A68329F9F3E6001430FE /* Resources */ = {
			isa = PBXResourcesBuildPhase;
			buildActionMask = 2147483647;
			files = (
				2974A69529F9F3E7001430FE /* LaunchScreen.storyboard in Resources */,
				2974A69229F9F3E7001430FE /* Assets.xcassets in Resources */,
				2974A69029F9F3E6001430FE /* Main.storyboard in Resources */,
			);
			runOnlyForDeploymentPostprocessing = 0;
		};
		29A472852A3E98DF00455625 /* Resources */ = {
			isa = PBXResourcesBuildPhase;
			buildActionMask = 2147483647;
			files = (
			);
			runOnlyForDeploymentPostprocessing = 0;
		};
		29A472942A3E990200455625 /* Resources */ = {
			isa = PBXResourcesBuildPhase;
			buildActionMask = 2147483647;
			files = (
			);
			runOnlyForDeploymentPostprocessing = 0;
		};
/* End PBXResourcesBuildPhase section */

/* Begin PBXSourcesBuildPhase section */
		2974A68129F9F3E6001430FE /* Sources */ = {
			isa = PBXSourcesBuildPhase;
			buildActionMask = 2147483647;
			files = (
				2974A69D29F9FE8A001430FE /* LetterCollectionViewCell.swift in Sources */,
				2974A68D29F9F3E6001430FE /* ViewController.swift in Sources */,
				2974A69F29FA1749001430FE /* SupplementaryView.swift in Sources */,
				2974A68929F9F3E6001430FE /* AppDelegate.swift in Sources */,
				2974A68B29F9F3E6001430FE /* SceneDelegate.swift in Sources */,
			);
			runOnlyForDeploymentPostprocessing = 0;
		};
		29A472832A3E98DF00455625 /* Sources */ = {
			isa = PBXSourcesBuildPhase;
			buildActionMask = 2147483647;
			files = (
				29A4728C2A3E98DF00455625 /* AlphabetUITestsLaunchTests.swift in Sources */,
				29A4728A2A3E98DF00455625 /* AlphabetUITests.swift in Sources */,
			);
			runOnlyForDeploymentPostprocessing = 0;
		};
		29A472922A3E990200455625 /* Sources */ = {
			isa = PBXSourcesBuildPhase;
			buildActionMask = 2147483647;
			files = (
				29A472992A3E990200455625 /* AlphabetTests.swift in Sources */,
			);
			runOnlyForDeploymentPostprocessing = 0;
		};
/* End PBXSourcesBuildPhase section */

/* Begin PBXTargetDependency section */
		29A4728E2A3E98DF00455625 /* PBXTargetDependency */ = {
			isa = PBXTargetDependency;
			target = 2974A68429F9F3E6001430FE /* Alphabet */;
			targetProxy = 29A4728D2A3E98DF00455625 /* PBXContainerItemProxy */;
		};
		29A4729B2A3E990200455625 /* PBXTargetDependency */ = {
			isa = PBXTargetDependency;
			target = 2974A68429F9F3E6001430FE /* Alphabet */;
			targetProxy = 29A4729A2A3E990200455625 /* PBXContainerItemProxy */;
		};
/* End PBXTargetDependency section */

/* Begin PBXVariantGroup section */
		2974A68E29F9F3E6001430FE /* Main.storyboard */ = {
			isa = PBXVariantGroup;
			children = (
				2974A68F29F9F3E6001430FE /* Base */,
			);
			name = Main.storyboard;
			sourceTree = "<group>";
		};
		2974A69329F9F3E7001430FE /* LaunchScreen.storyboard */ = {
			isa = PBXVariantGroup;
			children = (
				2974A69429F9F3E7001430FE /* Base */,
			);
			name = LaunchScreen.storyboard;
			sourceTree = "<group>";
		};
/* End PBXVariantGroup section */

/* Begin XCBuildConfiguration section */
		2974A69729F9F3E7001430FE /* Debug */ = {
			isa = XCBuildConfiguration;
			buildSettings = {
				ALWAYS_SEARCH_USER_PATHS = NO;
				CLANG_ANALYZER_NONNULL = YES;
				CLANG_ANALYZER_NUMBER_OBJECT_CONVERSION = YES_AGGRESSIVE;
				CLANG_CXX_LANGUAGE_STANDARD = "gnu++20";
				CLANG_ENABLE_MODULES = YES;
				CLANG_ENABLE_OBJC_ARC = YES;
				CLANG_ENABLE_OBJC_WEAK = YES;
				CLANG_WARN_BLOCK_CAPTURE_AUTORELEASING = YES;
				CLANG_WARN_BOOL_CONVERSION = YES;
				CLANG_WARN_COMMA = YES;
				CLANG_WARN_CONSTANT_CONVERSION = YES;
				CLANG_WARN_DEPRECATED_OBJC_IMPLEMENTATIONS = YES;
				CLANG_WARN_DIRECT_OBJC_ISA_USAGE = YES_ERROR;
				CLANG_WARN_DOCUMENTATION_COMMENTS = YES;
				CLANG_WARN_EMPTY_BODY = YES;
				CLANG_WARN_ENUM_CONVERSION = YES;
				CLANG_WARN_INFINITE_RECURSION = YES;
				CLANG_WARN_INT_CONVERSION = YES;
				CLANG_WARN_NON_LITERAL_NULL_CONVERSION = YES;
				CLANG_WARN_OBJC_IMPLICIT_RETAIN_SELF = YES;
				CLANG_WARN_OBJC_LITERAL_CONVERSION = YES;
				CLANG_WARN_OBJC_ROOT_CLASS = YES_ERROR;
				CLANG_WARN_QUOTED_INCLUDE_IN_FRAMEWORK_HEADER = YES;
				CLANG_WARN_RANGE_LOOP_ANALYSIS = YES;
				CLANG_WARN_STRICT_PROTOTYPES = YES;
				CLANG_WARN_SUSPICIOUS_MOVE = YES;
				CLANG_WARN_UNGUARDED_AVAILABILITY = YES_AGGRESSIVE;
				CLANG_WARN_UNREACHABLE_CODE = YES;
				CLANG_WARN__DUPLICATE_METHOD_MATCH = YES;
				COPY_PHASE_STRIP = NO;
				DEBUG_INFORMATION_FORMAT = dwarf;
				ENABLE_STRICT_OBJC_MSGSEND = YES;
				ENABLE_TESTABILITY = YES;
				GCC_C_LANGUAGE_STANDARD = gnu11;
				GCC_DYNAMIC_NO_PIC = NO;
				GCC_NO_COMMON_BLOCKS = YES;
				GCC_OPTIMIZATION_LEVEL = 0;
				GCC_PREPROCESSOR_DEFINITIONS = (
					"DEBUG=1",
					"$(inherited)",
				);
				GCC_WARN_64_TO_32_BIT_CONVERSION = YES;
				GCC_WARN_ABOUT_RETURN_TYPE = YES_ERROR;
				GCC_WARN_UNDECLARED_SELECTOR = YES;
				GCC_WARN_UNINITIALIZED_AUTOS = YES_AGGRESSIVE;
				GCC_WARN_UNUSED_FUNCTION = YES;
				GCC_WARN_UNUSED_VARIABLE = YES;
				IPHONEOS_DEPLOYMENT_TARGET = 16.4;
				MTL_ENABLE_DEBUG_INFO = INCLUDE_SOURCE;
				MTL_FAST_MATH = YES;
				ONLY_ACTIVE_ARCH = YES;
				SDKROOT = iphoneos;
				SWIFT_ACTIVE_COMPILATION_CONDITIONS = DEBUG;
				SWIFT_OPTIMIZATION_LEVEL = "-Onone";
			};
			name = Debug;
		};
		2974A69829F9F3E7001430FE /* Release */ = {
			isa = XCBuildConfiguration;
			buildSettings = {
				ALWAYS_SEARCH_USER_PATHS = NO;
				CLANG_ANALYZER_NONNULL = YES;
				CLANG_ANALYZER_NUMBER_OBJECT_CONVERSION = YES_AGGRESSIVE;
				CLANG_CXX_LANGUAGE_STANDARD = "gnu++20";
				CLANG_ENABLE_MODULES = YES;
				CLANG_ENABLE_OBJC_ARC = YES;
				CLANG_ENABLE_OBJC_WEAK = YES;
				CLANG_WARN_BLOCK_CAPTURE_AUTORELEASING = YES;
				CLANG_WARN_BOOL_CONVERSION = YES;
				CLANG_WARN_COMMA = YES;
				CLANG_WARN_CONSTANT_CONVERSION = YES;
				CLANG_WARN_DEPRECATED_OBJC_IMPLEMENTATIONS = YES;
				CLANG_WARN_DIRECT_OBJC_ISA_USAGE = YES_ERROR;
				CLANG_WARN_DOCUMENTATION_COMMENTS = YES;
				CLANG_WARN_EMPTY_BODY = YES;
				CLANG_WARN_ENUM_CONVERSION = YES;
				CLANG_WARN_INFINITE_RECURSION = YES;
				CLANG_WARN_INT_CONVERSION = YES;
				CLANG_WARN_NON_LITERAL_NULL_CONVERSION = YES;
				CLANG_WARN_OBJC_IMPLICIT_RETAIN_SELF = YES;
				CLANG_WARN_OBJC_LITERAL_CONVERSION = YES;
				CLANG_WARN_OBJC_ROOT_CLASS = YES_ERROR;
				CLANG_WARN_QUOTED_INCLUDE_IN_FRAMEWORK_HEADER = YES;
				CLANG_WARN_RANGE_LOOP_ANALYSIS = YES;
				CLANG_WARN_STRICT_PROTOTYPES = YES;
				CLANG_WARN_SUSPICIOUS_MOVE = YES;
				CLANG_WARN_UNGUARDED_AVAILABILITY = YES_AGGRESSIVE;
				CLANG_WARN_UNREACHABLE_CODE = YES;
				CLANG_WARN__DUPLICATE_METHOD_MATCH = YES;
				COPY_PHASE_STRIP = NO;
				DEBUG_INFORMATION_FORMAT = "dwarf-with-dsym";
				ENABLE_NS_ASSERTIONS = NO;
				ENABLE_STRICT_OBJC_MSGSEND = YES;
				GCC_C_LANGUAGE_STANDARD = gnu11;
				GCC_NO_COMMON_BLOCKS = YES;
				GCC_WARN_64_TO_32_BIT_CONVERSION = YES;
				GCC_WARN_ABOUT_RETURN_TYPE = YES_ERROR;
				GCC_WARN_UNDECLARED_SELECTOR = YES;
				GCC_WARN_UNINITIALIZED_AUTOS = YES_AGGRESSIVE;
				GCC_WARN_UNUSED_FUNCTION = YES;
				GCC_WARN_UNUSED_VARIABLE = YES;
				IPHONEOS_DEPLOYMENT_TARGET = 16.4;
				MTL_ENABLE_DEBUG_INFO = NO;
				MTL_FAST_MATH = YES;
				SDKROOT = iphoneos;
				SWIFT_COMPILATION_MODE = wholemodule;
				SWIFT_OPTIMIZATION_LEVEL = "-O";
				VALIDATE_PRODUCT = YES;
			};
			name = Release;
		};
		2974A69A29F9F3E7001430FE /* Debug */ = {
			isa = XCBuildConfiguration;
			buildSettings = {
				ASSETCATALOG_COMPILER_APPICON_NAME = AppIcon;
				ASSETCATALOG_COMPILER_GLOBAL_ACCENT_COLOR_NAME = AccentColor;
				CODE_SIGN_STYLE = Automatic;
				CURRENT_PROJECT_VERSION = 1;
				DEVELOPMENT_TEAM = A8593NVZ3H;
				GENERATE_INFOPLIST_FILE = YES;
				INFOPLIST_FILE = Alphabet/Info.plist;
				INFOPLIST_KEY_UIApplicationSupportsIndirectInputEvents = YES;
				INFOPLIST_KEY_UILaunchStoryboardName = LaunchScreen;
				INFOPLIST_KEY_UIMainStoryboardFile = Main;
				INFOPLIST_KEY_UISupportedInterfaceOrientations = UIInterfaceOrientationPortrait;
				INFOPLIST_KEY_UISupportedInterfaceOrientations_iPad = "UIInterfaceOrientationLandscapeLeft UIInterfaceOrientationLandscapeRight UIInterfaceOrientationPortrait UIInterfaceOrientationPortraitUpsideDown";
				LD_RUNPATH_SEARCH_PATHS = (
					"$(inherited)",
					"@executable_path/Frameworks",
				);
				MARKETING_VERSION = 1.0;
				PRODUCT_BUNDLE_IDENTIFIER = ru.yandex.practicum.Alphabet;
				PRODUCT_NAME = "$(TARGET_NAME)";
				SUPPORTED_PLATFORMS = "iphoneos iphonesimulator";
				SUPPORTS_MACCATALYST = NO;
				SUPPORTS_MAC_DESIGNED_FOR_IPHONE_IPAD = NO;
				SWIFT_EMIT_LOC_STRINGS = YES;
				SWIFT_VERSION = 5.0;
				TARGETED_DEVICE_FAMILY = 1;
			};
			name = Debug;
		};
		2974A69B29F9F3E7001430FE /* Release */ = {
			isa = XCBuildConfiguration;
			buildSettings = {
				ASSETCATALOG_COMPILER_APPICON_NAME = AppIcon;
				ASSETCATALOG_COMPILER_GLOBAL_ACCENT_COLOR_NAME = AccentColor;
				CODE_SIGN_STYLE = Automatic;
				CURRENT_PROJECT_VERSION = 1;
				DEVELOPMENT_TEAM = A8593NVZ3H;
				GENERATE_INFOPLIST_FILE = YES;
				INFOPLIST_FILE = Alphabet/Info.plist;
				INFOPLIST_KEY_UIApplicationSupportsIndirectInputEvents = YES;
				INFOPLIST_KEY_UILaunchStoryboardName = LaunchScreen;
				INFOPLIST_KEY_UIMainStoryboardFile = Main;
				INFOPLIST_KEY_UISupportedInterfaceOrientations = UIInterfaceOrientationPortrait;
				INFOPLIST_KEY_UISupportedInterfaceOrientations_iPad = "UIInterfaceOrientationLandscapeLeft UIInterfaceOrientationLandscapeRight UIInterfaceOrientationPortrait UIInterfaceOrientationPortraitUpsideDown";
				LD_RUNPATH_SEARCH_PATHS = (
					"$(inherited)",
					"@executable_path/Frameworks",
				);
				MARKETING_VERSION = 1.0;
				PRODUCT_BUNDLE_IDENTIFIER = ru.yandex.practicum.Alphabet;
				PRODUCT_NAME = "$(TARGET_NAME)";
				SUPPORTED_PLATFORMS = "iphoneos iphonesimulator";
				SUPPORTS_MACCATALYST = NO;
				SUPPORTS_MAC_DESIGNED_FOR_IPHONE_IPAD = NO;
				SWIFT_EMIT_LOC_STRINGS = YES;
				SWIFT_VERSION = 5.0;
				TARGETED_DEVICE_FAMILY = 1;
			};
			name = Release;
		};
		29A472902A3E98DF00455625 /* Debug */ = {
			isa = XCBuildConfiguration;
			buildSettings = {
				CODE_SIGN_STYLE = Automatic;
				CURRENT_PROJECT_VERSION = 1;
				DEVELOPMENT_TEAM = A8593NVZ3H;
				GENERATE_INFOPLIST_FILE = YES;
				MARKETING_VERSION = 1.0;
				PRODUCT_BUNDLE_IDENTIFIER = ru.yandex.practicum.AlphabetUITests;
				PRODUCT_NAME = "$(TARGET_NAME)";
				SUPPORTED_PLATFORMS = "iphoneos iphonesimulator";
				SUPPORTS_MACCATALYST = NO;
				SUPPORTS_MAC_DESIGNED_FOR_IPHONE_IPAD = NO;
				SWIFT_EMIT_LOC_STRINGS = NO;
				SWIFT_VERSION = 5.0;
				TARGETED_DEVICE_FAMILY = 1;
				TEST_TARGET_NAME = Alphabet;
			};
			name = Debug;
		};
		29A472912A3E98DF00455625 /* Release */ = {
			isa = XCBuildConfiguration;
			buildSettings = {
				CODE_SIGN_STYLE = Automatic;
				CURRENT_PROJECT_VERSION = 1;
				DEVELOPMENT_TEAM = A8593NVZ3H;
				GENERATE_INFOPLIST_FILE = YES;
				MARKETING_VERSION = 1.0;
				PRODUCT_BUNDLE_IDENTIFIER = ru.yandex.practicum.AlphabetUITests;
				PRODUCT_NAME = "$(TARGET_NAME)";
				SUPPORTED_PLATFORMS = "iphoneos iphonesimulator";
				SUPPORTS_MACCATALYST = NO;
				SUPPORTS_MAC_DESIGNED_FOR_IPHONE_IPAD = NO;
				SWIFT_EMIT_LOC_STRINGS = NO;
				SWIFT_VERSION = 5.0;
				TARGETED_DEVICE_FAMILY = 1;
				TEST_TARGET_NAME = Alphabet;
			};
			name = Release;
		};
		29A4729D2A3E990200455625 /* Debug */ = {
			isa = XCBuildConfiguration;
			buildSettings = {
				BUNDLE_LOADER = "$(TEST_HOST)";
				CODE_SIGN_STYLE = Automatic;
				CURRENT_PROJECT_VERSION = 1;
				DEVELOPMENT_TEAM = A8593NVZ3H;
				GENERATE_INFOPLIST_FILE = YES;
				MARKETING_VERSION = 1.0;
				PRODUCT_BUNDLE_IDENTIFIER = ru.yandex.practicum.AlphabetTests;
				PRODUCT_NAME = "$(TARGET_NAME)";
				SUPPORTED_PLATFORMS = "iphoneos iphonesimulator";
				SUPPORTS_MACCATALYST = NO;
				SUPPORTS_MAC_DESIGNED_FOR_IPHONE_IPAD = NO;
				SWIFT_EMIT_LOC_STRINGS = NO;
				SWIFT_VERSION = 5.0;
				TARGETED_DEVICE_FAMILY = 1;
				TEST_HOST = "$(BUILT_PRODUCTS_DIR)/Alphabet.app/$(BUNDLE_EXECUTABLE_FOLDER_PATH)/Alphabet";
			};
			name = Debug;
		};
		29A4729E2A3E990200455625 /* Release */ = {
			isa = XCBuildConfiguration;
			buildSettings = {
				BUNDLE_LOADER = "$(TEST_HOST)";
				CODE_SIGN_STYLE = Automatic;
				CURRENT_PROJECT_VERSION = 1;
				DEVELOPMENT_TEAM = A8593NVZ3H;
				GENERATE_INFOPLIST_FILE = YES;
				MARKETING_VERSION = 1.0;
				PRODUCT_BUNDLE_IDENTIFIER = ru.yandex.practicum.AlphabetTests;
				PRODUCT_NAME = "$(TARGET_NAME)";
				SUPPORTED_PLATFORMS = "iphoneos iphonesimulator";
				SUPPORTS_MACCATALYST = NO;
				SUPPORTS_MAC_DESIGNED_FOR_IPHONE_IPAD = NO;
				SWIFT_EMIT_LOC_STRINGS = NO;
				SWIFT_VERSION = 5.0;
				TARGETED_DEVICE_FAMILY = 1;
				TEST_HOST = "$(BUILT_PRODUCTS_DIR)/Alphabet.app/$(BUNDLE_EXECUTABLE_FOLDER_PATH)/Alphabet";
			};
			name = Release;
		};
/* End XCBuildConfiguration section */

/* Begin XCConfigurationList section */
		2974A68029F9F3E6001430FE /* Build configuration list for PBXProject "Alphabet" */ = {
			isa = XCConfigurationList;
			buildConfigurations = (
				2974A69729F9F3E7001430FE /* Debug */,
				2974A69829F9F3E7001430FE /* Release */,
			);
			defaultConfigurationIsVisible = 0;
			defaultConfigurationName = Release;
		};
		2974A69929F9F3E7001430FE /* Build configuration list for PBXNativeTarget "Alphabet" */ = {
			isa = XCConfigurationList;
			buildConfigurations = (
				2974A69A29F9F3E7001430FE /* Debug */,
				2974A69B29F9F3E7001430FE /* Release */,
			);
			defaultConfigurationIsVisible = 0;
			defaultConfigurationName = Release;
		};
		29A4728F2A3E98DF00455625 /* Build configuration list for PBXNativeTarget "AlphabetUITests" */ = {
			isa = XCConfigurationList;
			buildConfigurations = (
				29A472902A3E98DF00455625 /* Debug */,
				29A472912A3E98DF00455625 /* Release */,
			);
			defaultConfigurationIsVisible = 0;
			defaultConfigurationName = Release;
		};
		29A4729C2A3E990200455625 /* Build configuration list for PBXNativeTarget "AlphabetTests" */ = {
			isa = XCConfigurationList;
			buildConfigurations = (
				29A4729D2A3E990200455625 /* Debug */,
				29A4729E2A3E990200455625 /* Release */,
			);
			defaultConfigurationIsVisible = 0;
			defaultConfigurationName = Release;
		};
/* End XCConfigurationList section */

/* Begin XCRemoteSwiftPackageReference section */
		29A4729F2A3E9F9600455625 /* XCRemoteSwiftPackageReference "swift-snapshot-testing" */ = {
			isa = XCRemoteSwiftPackageReference;
			repositoryURL = "https://github.com/pointfreeco/swift-snapshot-testing";
			requirement = {
				kind = upToNextMajorVersion;
				minimumVersion = 1.0.0;
			};
		};
/* End XCRemoteSwiftPackageReference section */

/* Begin XCSwiftPackageProductDependency section */
		29A472A02A3E9F9600455625 /* SnapshotTesting */ = {
			isa = XCSwiftPackageProductDependency;
			package = 29A4729F2A3E9F9600455625 /* XCRemoteSwiftPackageReference "swift-snapshot-testing" */;
			productName = SnapshotTesting;
		};
		29A472A32A3EA12D00455625 /* SnapshotTesting */ = {
			isa = XCSwiftPackageProductDependency;
			package = 29A4729F2A3E9F9600455625 /* XCRemoteSwiftPackageReference "swift-snapshot-testing" */;
			productName = SnapshotTesting;
		};
/* End XCSwiftPackageProductDependency section */
	};
	rootObject = 2974A67D29F9F3E6001430FE /* Project object */;
}
